// !$*UTF8*$!
{
	archiveVersion = 1;
	classes = {
	};
	objectVersion = 52;
	objects = {

/* Begin PBXBuildFile section */
		9A5FBA5326B94EF200B09CC8 /* PartSizeChangeView.storyboard in Resources */ = {isa = PBXBuildFile; fileRef = 9A5FBA5226B94EF200B09CC8 /* PartSizeChangeView.storyboard */; };
		9A5FBA5726BA244600B09CC8 /* PartSizeChangeViewController.swift in Sources */ = {isa = PBXBuildFile; fileRef = 9A5FBA5626BA244600B09CC8 /* PartSizeChangeViewController.swift */; };
		9A5FBA5E26BBAFBE00B09CC8 /* MTKView+Ex.swift in Sources */ = {isa = PBXBuildFile; fileRef = 9A5FBA5D26BBAFBE00B09CC8 /* MTKView+Ex.swift */; };
		9A994F7726CA4D5A008ABBCD /* UILabel+Ex.swift in Sources */ = {isa = PBXBuildFile; fileRef = 9A994F7626CA4D5A008ABBCD /* UILabel+Ex.swift */; };
		9A99CD0B276DDE3100AA560A /* MenuViewController.storyboard in Resources */ = {isa = PBXBuildFile; fileRef = 9A99CD0A276DDE3100AA560A /* MenuViewController.storyboard */; };
		9AA7F912235ED28B004B03B4 /* HelpSelectViewController.swift in Sources */ = {isa = PBXBuildFile; fileRef = 9AA7F911235ED28B004B03B4 /* HelpSelectViewController.swift */; };
		9ABA85D526BCC09A002EC738 /* ColorAssets.xcassets in Resources */ = {isa = PBXBuildFile; fileRef = 9ABA85D426BCC09A002EC738 /* ColorAssets.xcassets */; };
		9ABA85D726BD3CE2002EC738 /* UIColor+Ex.swift in Sources */ = {isa = PBXBuildFile; fileRef = 9ABA85D626BD3CE2002EC738 /* UIColor+Ex.swift */; };
		9ABA85D926BD4723002EC738 /* MTLClearColor+Ex.swift in Sources */ = {isa = PBXBuildFile; fileRef = 9ABA85D826BD4723002EC738 /* MTLClearColor+Ex.swift */; };
		9ABA85DD26BFBEBC002EC738 /* Index+Ex.swift in Sources */ = {isa = PBXBuildFile; fileRef = 9ABA85DC26BFBEBC002EC738 /* Index+Ex.swift */; };
		9AC3914B26A57D2900CA7D19 /* PHPhotoLibrary+Ex.swift in Sources */ = {isa = PBXBuildFile; fileRef = 9AC3914A26A57D2900CA7D19 /* PHPhotoLibrary+Ex.swift */; };
		9AC3914E26A5906D00CA7D19 /* PhotosManager.swift in Sources */ = {isa = PBXBuildFile; fileRef = 9AC3914D26A5906D00CA7D19 /* PhotosManager.swift */; };
		9AC3915026ADABDB00CA7D19 /* UIView+Ex.swift in Sources */ = {isa = PBXBuildFile; fileRef = 9AC3914F26ADABDB00CA7D19 /* UIView+Ex.swift */; };
		9AC3915226AECDF000CA7D19 /* HelpContainerViewController.swift in Sources */ = {isa = PBXBuildFile; fileRef = 9AC3915126AECDF000CA7D19 /* HelpContainerViewController.swift */; };
		9ACD9F4E276901D600487980 /* DrawViewController.storyboard in Resources */ = {isa = PBXBuildFile; fileRef = 9ACD9F4D276901D600487980 /* DrawViewController.storyboard */; };
		9AD47C372699E644003B8094 /* DeniedViewController.swift in Sources */ = {isa = PBXBuildFile; fileRef = 9AD47C362699E644003B8094 /* DeniedViewController.swift */; };
		9AD9FB73269C8E5B00518925 /* Array+Ex.swift in Sources */ = {isa = PBXBuildFile; fileRef = 9AD9FB72269C8E5B00518925 /* Array+Ex.swift */; };
		9AD9FB75269C977B00518925 /* UIImage+Ex.swift in Sources */ = {isa = PBXBuildFile; fileRef = 9AD9FB74269C977B00518925 /* UIImage+Ex.swift */; };
		9AD9FB78269EF0C600518925 /* DeviceKit in Frameworks */ = {isa = PBXBuildFile; productRef = 9AD9FB77269EF0C600518925 /* DeviceKit */; };
		9AD9FB7B269F306100518925 /* SelectAlbumViewController.swift in Sources */ = {isa = PBXBuildFile; fileRef = 9AD9FB7A269F306100518925 /* SelectAlbumViewController.swift */; };
		9AD9FB7D269F308800518925 /* SelectAlbumViewController.storyboard in Resources */ = {isa = PBXBuildFile; fileRef = 9AD9FB7C269F308800518925 /* SelectAlbumViewController.storyboard */; };
		9AD9FB83269F316A00518925 /* AlbumTableViewCell.swift in Sources */ = {isa = PBXBuildFile; fileRef = 9AD9FB82269F316A00518925 /* AlbumTableViewCell.swift */; };
		9AD9FB85269F33CE00518925 /* AlbumTableViewCell.xib in Resources */ = {isa = PBXBuildFile; fileRef = 9AD9FB84269F33CE00518925 /* AlbumTableViewCell.xib */; };
		9AD9FB89269F352B00518925 /* AlbumInfo.swift in Sources */ = {isa = PBXBuildFile; fileRef = 9AD9FB88269F352B00518925 /* AlbumInfo.swift */; };
		9ADF72BF276E17F6008608E5 /* UIViewController+Ex.swift in Sources */ = {isa = PBXBuildFile; fileRef = 9ADF72BE276E17F6008608E5 /* UIViewController+Ex.swift */; };
		9ADF72C2276E1DE6008608E5 /* HelpSelectView.storyboard in Resources */ = {isa = PBXBuildFile; fileRef = 9ADF72C1276E1DE6008608E5 /* HelpSelectView.storyboard */; };
		9AEDD927234A0A1D0004A0C2 /* AppDelegate.swift in Sources */ = {isa = PBXBuildFile; fileRef = 9AEDD926234A0A1D0004A0C2 /* AppDelegate.swift */; };
		9AEDD929234A0A1D0004A0C2 /* DrawViewController.swift in Sources */ = {isa = PBXBuildFile; fileRef = 9AEDD928234A0A1D0004A0C2 /* DrawViewController.swift */; };
		9AEDD92C234A0A1D0004A0C2 /* Main.storyboard in Resources */ = {isa = PBXBuildFile; fileRef = 9AEDD92A234A0A1D0004A0C2 /* Main.storyboard */; };
		9AEDD92E234A0A1F0004A0C2 /* Assets.xcassets in Resources */ = {isa = PBXBuildFile; fileRef = 9AEDD92D234A0A1F0004A0C2 /* Assets.xcassets */; };
		9AEDD931234A0A1F0004A0C2 /* LaunchScreen.storyboard in Resources */ = {isa = PBXBuildFile; fileRef = 9AEDD92F234A0A1F0004A0C2 /* LaunchScreen.storyboard */; };
		9AEDD939234A0EEC0004A0C2 /* Renderer.swift in Sources */ = {isa = PBXBuildFile; fileRef = 9AEDD938234A0EEC0004A0C2 /* Renderer.swift */; };
		9AEDD93B234A0F190004A0C2 /* shader.metal in Sources */ = {isa = PBXBuildFile; fileRef = 9AEDD93A234A0F190004A0C2 /* shader.metal */; };
		9AEDD93D2352BC3D0004A0C2 /* ParticleSetup.swift in Sources */ = {isa = PBXBuildFile; fileRef = 9AEDD93C2352BC3D0004A0C2 /* ParticleSetup.swift */; };
		9AEDD93F2352C7250004A0C2 /* CreateParts.swift in Sources */ = {isa = PBXBuildFile; fileRef = 9AEDD93E2352C7250004A0C2 /* CreateParts.swift */; };
		9AEDD9422352C9B30004A0C2 /* kakera.png in Resources */ = {isa = PBXBuildFile; fileRef = 9AEDD9412352C9B30004A0C2 /* kakera.png */; };
		9AEDD944235370C40004A0C2 /* MenuViewController.swift in Sources */ = {isa = PBXBuildFile; fileRef = 9AEDD943235370C40004A0C2 /* MenuViewController.swift */; };
		9AEDD948235390320004A0C2 /* kakera2.png in Resources */ = {isa = PBXBuildFile; fileRef = 9AEDD947235390320004A0C2 /* kakera2.png */; };
		9AEDD94A23543B260004A0C2 /* TitleViewController.swift in Sources */ = {isa = PBXBuildFile; fileRef = 9AEDD94923543B260004A0C2 /* TitleViewController.swift */; };
		9AEDD95123547C3A0004A0C2 /* kakeraS2.png in Resources */ = {isa = PBXBuildFile; fileRef = 9AEDD94F23547C3A0004A0C2 /* kakeraS2.png */; };
		9AEDD95223547C3A0004A0C2 /* kakeraS1.png in Resources */ = {isa = PBXBuildFile; fileRef = 9AEDD95023547C3A0004A0C2 /* kakeraS1.png */; };
		9AEDD95A235481A90004A0C2 /* buttonSKakera.png in Resources */ = {isa = PBXBuildFile; fileRef = 9AEDD957235481A80004A0C2 /* buttonSKakera.png */; };
		9AEDD95B235481A90004A0C2 /* buttonKakera.png in Resources */ = {isa = PBXBuildFile; fileRef = 9AEDD958235481A80004A0C2 /* buttonKakera.png */; };
		9AEDD95C235481A90004A0C2 /* comingSoon1.png in Resources */ = {isa = PBXBuildFile; fileRef = 9AEDD959235481A90004A0C2 /* comingSoon1.png */; };
		9AEDD9602354AA420004A0C2 /* TutorialViewController.swift in Sources */ = {isa = PBXBuildFile; fileRef = 9AEDD95F2354AA420004A0C2 /* TutorialViewController.swift */; };
		9AEDD9622354D1650004A0C2 /* ShowApprovalViewController.swift in Sources */ = {isa = PBXBuildFile; fileRef = 9AEDD9612354D1650004A0C2 /* ShowApprovalViewController.swift */; };
		9AEDD9642354E1E50004A0C2 /* EndTutorialViewController.swift in Sources */ = {isa = PBXBuildFile; fileRef = 9AEDD9632354E1E50004A0C2 /* EndTutorialViewController.swift */; };
/* End PBXBuildFile section */

/* Begin PBXFileReference section */
		9A5FBA5226B94EF200B09CC8 /* PartSizeChangeView.storyboard */ = {isa = PBXFileReference; lastKnownFileType = file.storyboard; path = PartSizeChangeView.storyboard; sourceTree = "<group>"; };
		9A5FBA5626BA244600B09CC8 /* PartSizeChangeViewController.swift */ = {isa = PBXFileReference; lastKnownFileType = sourcecode.swift; path = PartSizeChangeViewController.swift; sourceTree = "<group>"; };
		9A5FBA5D26BBAFBE00B09CC8 /* MTKView+Ex.swift */ = {isa = PBXFileReference; lastKnownFileType = sourcecode.swift; path = "MTKView+Ex.swift"; sourceTree = "<group>"; };
		9A994F7626CA4D5A008ABBCD /* UILabel+Ex.swift */ = {isa = PBXFileReference; lastKnownFileType = sourcecode.swift; path = "UILabel+Ex.swift"; sourceTree = "<group>"; };
		9A99CD0A276DDE3100AA560A /* MenuViewController.storyboard */ = {isa = PBXFileReference; lastKnownFileType = file.storyboard; path = MenuViewController.storyboard; sourceTree = "<group>"; };
		9AA7F911235ED28B004B03B4 /* HelpSelectViewController.swift */ = {isa = PBXFileReference; lastKnownFileType = sourcecode.swift; path = HelpSelectViewController.swift; sourceTree = "<group>"; };
		9ABA85D426BCC09A002EC738 /* ColorAssets.xcassets */ = {isa = PBXFileReference; lastKnownFileType = folder.assetcatalog; path = ColorAssets.xcassets; sourceTree = "<group>"; };
		9ABA85D626BD3CE2002EC738 /* UIColor+Ex.swift */ = {isa = PBXFileReference; lastKnownFileType = sourcecode.swift; path = "UIColor+Ex.swift"; sourceTree = "<group>"; };
		9ABA85D826BD4723002EC738 /* MTLClearColor+Ex.swift */ = {isa = PBXFileReference; lastKnownFileType = sourcecode.swift; path = "MTLClearColor+Ex.swift"; sourceTree = "<group>"; };
		9ABA85DC26BFBEBC002EC738 /* Index+Ex.swift */ = {isa = PBXFileReference; lastKnownFileType = sourcecode.swift; path = "Index+Ex.swift"; sourceTree = "<group>"; };
		9AC3914A26A57D2900CA7D19 /* PHPhotoLibrary+Ex.swift */ = {isa = PBXFileReference; lastKnownFileType = sourcecode.swift; path = "PHPhotoLibrary+Ex.swift"; sourceTree = "<group>"; };
		9AC3914D26A5906D00CA7D19 /* PhotosManager.swift */ = {isa = PBXFileReference; lastKnownFileType = sourcecode.swift; path = PhotosManager.swift; sourceTree = "<group>"; };
		9AC3914F26ADABDB00CA7D19 /* UIView+Ex.swift */ = {isa = PBXFileReference; lastKnownFileType = sourcecode.swift; path = "UIView+Ex.swift"; sourceTree = "<group>"; };
		9AC3915126AECDF000CA7D19 /* HelpContainerViewController.swift */ = {isa = PBXFileReference; lastKnownFileType = sourcecode.swift; path = HelpContainerViewController.swift; sourceTree = "<group>"; };
		9ACD9F4D276901D600487980 /* DrawViewController.storyboard */ = {isa = PBXFileReference; lastKnownFileType = file.storyboard; path = DrawViewController.storyboard; sourceTree = "<group>"; };
		9AD47C362699E644003B8094 /* DeniedViewController.swift */ = {isa = PBXFileReference; lastKnownFileType = sourcecode.swift; path = DeniedViewController.swift; sourceTree = "<group>"; };
		9AD9FB72269C8E5B00518925 /* Array+Ex.swift */ = {isa = PBXFileReference; lastKnownFileType = sourcecode.swift; path = "Array+Ex.swift"; sourceTree = "<group>"; };
		9AD9FB74269C977B00518925 /* UIImage+Ex.swift */ = {isa = PBXFileReference; lastKnownFileType = sourcecode.swift; path = "UIImage+Ex.swift"; sourceTree = "<group>"; };
		9AD9FB7A269F306100518925 /* SelectAlbumViewController.swift */ = {isa = PBXFileReference; lastKnownFileType = sourcecode.swift; path = SelectAlbumViewController.swift; sourceTree = "<group>"; };
		9AD9FB7C269F308800518925 /* SelectAlbumViewController.storyboard */ = {isa = PBXFileReference; lastKnownFileType = file.storyboard; path = SelectAlbumViewController.storyboard; sourceTree = "<group>"; };
		9AD9FB82269F316A00518925 /* AlbumTableViewCell.swift */ = {isa = PBXFileReference; lastKnownFileType = sourcecode.swift; path = AlbumTableViewCell.swift; sourceTree = "<group>"; };
		9AD9FB84269F33CE00518925 /* AlbumTableViewCell.xib */ = {isa = PBXFileReference; lastKnownFileType = file.xib; path = AlbumTableViewCell.xib; sourceTree = "<group>"; };
		9AD9FB88269F352B00518925 /* AlbumInfo.swift */ = {isa = PBXFileReference; lastKnownFileType = sourcecode.swift; path = AlbumInfo.swift; sourceTree = "<group>"; };
		9ADF72BE276E17F6008608E5 /* UIViewController+Ex.swift */ = {isa = PBXFileReference; lastKnownFileType = sourcecode.swift; path = "UIViewController+Ex.swift"; sourceTree = "<group>"; };
		9ADF72C1276E1DE6008608E5 /* HelpSelectView.storyboard */ = {isa = PBXFileReference; lastKnownFileType = file.storyboard; path = HelpSelectView.storyboard; sourceTree = "<group>"; };
		9AEDD923234A0A1D0004A0C2 /* omokake.app */ = {isa = PBXFileReference; explicitFileType = wrapper.application; includeInIndex = 0; path = omokake.app; sourceTree = BUILT_PRODUCTS_DIR; };
		9AEDD926234A0A1D0004A0C2 /* AppDelegate.swift */ = {isa = PBXFileReference; lastKnownFileType = sourcecode.swift; path = AppDelegate.swift; sourceTree = "<group>"; };
		9AEDD928234A0A1D0004A0C2 /* DrawViewController.swift */ = {isa = PBXFileReference; lastKnownFileType = sourcecode.swift; path = DrawViewController.swift; sourceTree = "<group>"; };
		9AEDD92B234A0A1D0004A0C2 /* Base */ = {isa = PBXFileReference; lastKnownFileType = file.storyboard; name = Base; path = Base.lproj/Main.storyboard; sourceTree = "<group>"; };
		9AEDD92D234A0A1F0004A0C2 /* Assets.xcassets */ = {isa = PBXFileReference; lastKnownFileType = folder.assetcatalog; path = Assets.xcassets; sourceTree = "<group>"; };
		9AEDD930234A0A1F0004A0C2 /* Base */ = {isa = PBXFileReference; lastKnownFileType = file.storyboard; name = Base; path = Base.lproj/LaunchScreen.storyboard; sourceTree = "<group>"; };
		9AEDD932234A0A1F0004A0C2 /* Info.plist */ = {isa = PBXFileReference; lastKnownFileType = text.plist.xml; path = Info.plist; sourceTree = "<group>"; };
		9AEDD938234A0EEC0004A0C2 /* Renderer.swift */ = {isa = PBXFileReference; lastKnownFileType = sourcecode.swift; path = Renderer.swift; sourceTree = "<group>"; };
		9AEDD93A234A0F190004A0C2 /* shader.metal */ = {isa = PBXFileReference; lastKnownFileType = sourcecode.metal; path = shader.metal; sourceTree = "<group>"; };
		9AEDD93C2352BC3D0004A0C2 /* ParticleSetup.swift */ = {isa = PBXFileReference; lastKnownFileType = sourcecode.swift; path = ParticleSetup.swift; sourceTree = "<group>"; };
		9AEDD93E2352C7250004A0C2 /* CreateParts.swift */ = {isa = PBXFileReference; lastKnownFileType = sourcecode.swift; path = CreateParts.swift; sourceTree = "<group>"; };
		9AEDD9412352C9B30004A0C2 /* kakera.png */ = {isa = PBXFileReference; lastKnownFileType = image.png; path = kakera.png; sourceTree = "<group>"; };
		9AEDD943235370C40004A0C2 /* MenuViewController.swift */ = {isa = PBXFileReference; lastKnownFileType = sourcecode.swift; path = MenuViewController.swift; sourceTree = "<group>"; };
		9AEDD947235390320004A0C2 /* kakera2.png */ = {isa = PBXFileReference; lastKnownFileType = image.png; path = kakera2.png; sourceTree = "<group>"; };
		9AEDD94923543B260004A0C2 /* TitleViewController.swift */ = {isa = PBXFileReference; lastKnownFileType = sourcecode.swift; path = TitleViewController.swift; sourceTree = "<group>"; };
		9AEDD94F23547C3A0004A0C2 /* kakeraS2.png */ = {isa = PBXFileReference; lastKnownFileType = image.png; path = kakeraS2.png; sourceTree = "<group>"; };
		9AEDD95023547C3A0004A0C2 /* kakeraS1.png */ = {isa = PBXFileReference; lastKnownFileType = image.png; path = kakeraS1.png; sourceTree = "<group>"; };
		9AEDD957235481A80004A0C2 /* buttonSKakera.png */ = {isa = PBXFileReference; lastKnownFileType = image.png; path = buttonSKakera.png; sourceTree = "<group>"; };
		9AEDD958235481A80004A0C2 /* buttonKakera.png */ = {isa = PBXFileReference; lastKnownFileType = image.png; path = buttonKakera.png; sourceTree = "<group>"; };
		9AEDD959235481A90004A0C2 /* comingSoon1.png */ = {isa = PBXFileReference; lastKnownFileType = image.png; path = comingSoon1.png; sourceTree = "<group>"; };
		9AEDD95F2354AA420004A0C2 /* TutorialViewController.swift */ = {isa = PBXFileReference; lastKnownFileType = sourcecode.swift; path = TutorialViewController.swift; sourceTree = "<group>"; };
		9AEDD9612354D1650004A0C2 /* ShowApprovalViewController.swift */ = {isa = PBXFileReference; lastKnownFileType = sourcecode.swift; path = ShowApprovalViewController.swift; sourceTree = "<group>"; };
		9AEDD9632354E1E50004A0C2 /* EndTutorialViewController.swift */ = {isa = PBXFileReference; lastKnownFileType = sourcecode.swift; path = EndTutorialViewController.swift; sourceTree = "<group>"; };
/* End PBXFileReference section */

/* Begin PBXFrameworksBuildPhase section */
		9AEDD920234A0A1D0004A0C2 /* Frameworks */ = {
			isa = PBXFrameworksBuildPhase;
			buildActionMask = 2147483647;
			files = (
				9AD9FB78269EF0C600518925 /* DeviceKit in Frameworks */,
			);
			runOnlyForDeploymentPostprocessing = 0;
		};
/* End PBXFrameworksBuildPhase section */

/* Begin PBXGroup section */
		9A5FBA5126B9490A00B09CC8 /* PartSizeChangeView */ = {
			isa = PBXGroup;
			children = (
				9A5FBA5226B94EF200B09CC8 /* PartSizeChangeView.storyboard */,
				9A5FBA5426B94F0000B09CC8 /* ViewController */,
			);
			path = PartSizeChangeView;
			sourceTree = "<group>";
		};
		9A5FBA5426B94F0000B09CC8 /* ViewController */ = {
			isa = PBXGroup;
			children = (
				9A5FBA5626BA244600B09CC8 /* PartSizeChangeViewController.swift */,
			);
			path = ViewController;
			sourceTree = "<group>";
		};
		9A99CD09276DDD5F00AA560A /* MenuView */ = {
			isa = PBXGroup;
			children = (
				9AEDD943235370C40004A0C2 /* MenuViewController.swift */,
				9A99CD0A276DDE3100AA560A /* MenuViewController.storyboard */,
			);
			path = MenuView;
			sourceTree = "<group>";
		};
		9AA7F90C235ECF93004B03B4 /* HelpPageView */ = {
			isa = PBXGroup;
			children = (
				9ADF72C1276E1DE6008608E5 /* HelpSelectView.storyboard */,
				9AA7F911235ED28B004B03B4 /* HelpSelectViewController.swift */,
				9AC3915126AECDF000CA7D19 /* HelpContainerViewController.swift */,
			);
			path = HelpPageView;
			sourceTree = "<group>";
		};
		9AA7F9152361DA38004B03B4 /* Frameworks */ = {
			isa = PBXGroup;
			children = (
			);
			name = Frameworks;
			sourceTree = "<group>";
		};
		9AC3914C26A58F1600CA7D19 /* Utility */ = {
			isa = PBXGroup;
			children = (
				9AC3914D26A5906D00CA7D19 /* PhotosManager.swift */,
			);
			path = Utility;
			sourceTree = "<group>";
		};
		9ACD9F4C2769015E00487980 /* DrawView */ = {
			isa = PBXGroup;
			children = (
				9ACD9F4D276901D600487980 /* DrawViewController.storyboard */,
				9AEDD928234A0A1D0004A0C2 /* DrawViewController.swift */,
				9AEDD94E235441580004A0C2 /* RenderParticle */,
			);
			path = DrawView;
			sourceTree = "<group>";
		};
		9AD47C352699E54E003B8094 /* TutorialView */ = {
			isa = PBXGroup;
			children = (
				9AEDD95F2354AA420004A0C2 /* TutorialViewController.swift */,
				9AEDD9612354D1650004A0C2 /* ShowApprovalViewController.swift */,
				9AEDD9632354E1E50004A0C2 /* EndTutorialViewController.swift */,
				9AD47C362699E644003B8094 /* DeniedViewController.swift */,
			);
			path = TutorialView;
			sourceTree = "<group>";
		};
		9AD9FB71269C8E3700518925 /* extension */ = {
			isa = PBXGroup;
			children = (
				9AD9FB72269C8E5B00518925 /* Array+Ex.swift */,
				9AD9FB74269C977B00518925 /* UIImage+Ex.swift */,
				9AC3914A26A57D2900CA7D19 /* PHPhotoLibrary+Ex.swift */,
				9AC3914F26ADABDB00CA7D19 /* UIView+Ex.swift */,
				9A994F7626CA4D5A008ABBCD /* UILabel+Ex.swift */,
				9A5FBA5D26BBAFBE00B09CC8 /* MTKView+Ex.swift */,
				9ABA85D626BD3CE2002EC738 /* UIColor+Ex.swift */,
				9ABA85D826BD4723002EC738 /* MTLClearColor+Ex.swift */,
				9ABA85DC26BFBEBC002EC738 /* Index+Ex.swift */,
				9ADF72BE276E17F6008608E5 /* UIViewController+Ex.swift */,
			);
			path = extension;
			sourceTree = "<group>";
		};
		9AD9FB79269F302000518925 /* SelectAlbumView */ = {
			isa = PBXGroup;
			children = (
				9AD9FB7A269F306100518925 /* SelectAlbumViewController.swift */,
				9AD9FB7C269F308800518925 /* SelectAlbumViewController.storyboard */,
				9AD9FB7F269F30D200518925 /* cell */,
			);
			path = SelectAlbumView;
			sourceTree = "<group>";
		};
		9AD9FB7F269F30D200518925 /* cell */ = {
			isa = PBXGroup;
			children = (
				9AD9FB82269F316A00518925 /* AlbumTableViewCell.swift */,
				9AD9FB84269F33CE00518925 /* AlbumTableViewCell.xib */,
			);
			path = cell;
			sourceTree = "<group>";
		};
		9AD9FB86269F347B00518925 /* Common */ = {
			isa = PBXGroup;
			children = (
				9AC3914C26A58F1600CA7D19 /* Utility */,
				9AD9FB71269C8E3700518925 /* extension */,
				9AD9FB87269F348600518925 /* Entity */,
			);
			path = Common;
			sourceTree = "<group>";
		};
		9AD9FB87269F348600518925 /* Entity */ = {
			isa = PBXGroup;
			children = (
				9AD9FB88269F352B00518925 /* AlbumInfo.swift */,
			);
			path = Entity;
			sourceTree = "<group>";
		};
		9ADF72C0276E1C1E008608E5 /* TitleView */ = {
			isa = PBXGroup;
			children = (
				9AEDD94923543B260004A0C2 /* TitleViewController.swift */,
			);
			path = TitleView;
			sourceTree = "<group>";
		};
		9AEDD91A234A0A1D0004A0C2 = {
			isa = PBXGroup;
			children = (
				9AEDD925234A0A1D0004A0C2 /* omokake02 */,
				9AEDD924234A0A1D0004A0C2 /* Products */,
				9AA7F9152361DA38004B03B4 /* Frameworks */,
			);
			sourceTree = "<group>";
		};
		9AEDD924234A0A1D0004A0C2 /* Products */ = {
			isa = PBXGroup;
			children = (
				9AEDD923234A0A1D0004A0C2 /* omokake.app */,
			);
			name = Products;
			sourceTree = "<group>";
		};
		9AEDD925234A0A1D0004A0C2 /* omokake02 */ = {
			isa = PBXGroup;
			children = (
				9AD9FB86269F347B00518925 /* Common */,
				9AEDD926234A0A1D0004A0C2 /* AppDelegate.swift */,
				9ADF72C0276E1C1E008608E5 /* TitleView */,
				9AA7F90C235ECF93004B03B4 /* HelpPageView */,
				9AD47C352699E54E003B8094 /* TutorialView */,
				9A99CD09276DDD5F00AA560A /* MenuView */,
				9AD9FB79269F302000518925 /* SelectAlbumView */,
				9A5FBA5126B9490A00B09CC8 /* PartSizeChangeView */,
				9ACD9F4C2769015E00487980 /* DrawView */,
				9AEDD9402352C9A10004A0C2 /* texture */,
				9AEDD92A234A0A1D0004A0C2 /* Main.storyboard */,
				9AEDD92D234A0A1F0004A0C2 /* Assets.xcassets */,
				9ABA85D426BCC09A002EC738 /* ColorAssets.xcassets */,
				9AEDD92F234A0A1F0004A0C2 /* LaunchScreen.storyboard */,
				9AEDD932234A0A1F0004A0C2 /* Info.plist */,
			);
			path = omokake02;
			sourceTree = "<group>";
		};
		9AEDD9402352C9A10004A0C2 /* texture */ = {
			isa = PBXGroup;
			children = (
				9AEDD9412352C9B30004A0C2 /* kakera.png */,
				9AEDD947235390320004A0C2 /* kakera2.png */,
				9AEDD95023547C3A0004A0C2 /* kakeraS1.png */,
				9AEDD94F23547C3A0004A0C2 /* kakeraS2.png */,
				9AEDD958235481A80004A0C2 /* buttonKakera.png */,
				9AEDD957235481A80004A0C2 /* buttonSKakera.png */,
				9AEDD959235481A90004A0C2 /* comingSoon1.png */,
			);
			path = texture;
			sourceTree = "<group>";
		};
		9AEDD94E235441580004A0C2 /* RenderParticle */ = {
			isa = PBXGroup;
			children = (
				9AEDD938234A0EEC0004A0C2 /* Renderer.swift */,
				9AEDD93C2352BC3D0004A0C2 /* ParticleSetup.swift */,
				9AEDD93E2352C7250004A0C2 /* CreateParts.swift */,
				9AEDD93A234A0F190004A0C2 /* shader.metal */,
			);
			path = RenderParticle;
			sourceTree = "<group>";
		};
/* End PBXGroup section */

/* Begin PBXNativeTarget section */
		9AEDD922234A0A1D0004A0C2 /* omokake02 */ = {
			isa = PBXNativeTarget;
			buildConfigurationList = 9AEDD935234A0A1F0004A0C2 /* Build configuration list for PBXNativeTarget "omokake02" */;
			buildPhases = (
				9AEDD91F234A0A1D0004A0C2 /* Sources */,
				9AEDD920234A0A1D0004A0C2 /* Frameworks */,
				9AEDD921234A0A1D0004A0C2 /* Resources */,
			);
			buildRules = (
			);
			dependencies = (
			);
			name = omokake02;
			packageProductDependencies = (
				9AD9FB77269EF0C600518925 /* DeviceKit */,
			);
			productName = omokake02;
			productReference = 9AEDD923234A0A1D0004A0C2 /* omokake.app */;
			productType = "com.apple.product-type.application";
		};
/* End PBXNativeTarget section */

/* Begin PBXProject section */
		9AEDD91B234A0A1D0004A0C2 /* Project object */ = {
			isa = PBXProject;
			attributes = {
				LastSwiftUpdateCheck = 1030;
				LastUpgradeCheck = 1030;
				ORGANIZATIONNAME = takasiki;
				TargetAttributes = {
					9AEDD922234A0A1D0004A0C2 = {
						CreatedOnToolsVersion = 10.3;
					};
				};
			};
			buildConfigurationList = 9AEDD91E234A0A1D0004A0C2 /* Build configuration list for PBXProject "omokake02" */;
			compatibilityVersion = "Xcode 9.3";
			developmentRegion = en;
			hasScannedForEncodings = 0;
			knownRegions = (
				en,
				Base,
			);
			mainGroup = 9AEDD91A234A0A1D0004A0C2;
			packageReferences = (
				9AD9FB76269EF0C600518925 /* XCRemoteSwiftPackageReference "DeviceKit" */,
			);
			productRefGroup = 9AEDD924234A0A1D0004A0C2 /* Products */;
			projectDirPath = "";
			projectRoot = "";
			targets = (
				9AEDD922234A0A1D0004A0C2 /* omokake02 */,
			);
		};
/* End PBXProject section */

/* Begin PBXResourcesBuildPhase section */
		9AEDD921234A0A1D0004A0C2 /* Resources */ = {
			isa = PBXResourcesBuildPhase;
			buildActionMask = 2147483647;
			files = (
				9ACD9F4E276901D600487980 /* DrawViewController.storyboard in Resources */,
				9AEDD9422352C9B30004A0C2 /* kakera.png in Resources */,
				9AEDD931234A0A1F0004A0C2 /* LaunchScreen.storyboard in Resources */,
				9AEDD95B235481A90004A0C2 /* buttonKakera.png in Resources */,
				9AD9FB7D269F308800518925 /* SelectAlbumViewController.storyboard in Resources */,
				9ABA85D526BCC09A002EC738 /* ColorAssets.xcassets in Resources */,
				9AEDD95C235481A90004A0C2 /* comingSoon1.png in Resources */,
				9ADF72C2276E1DE6008608E5 /* HelpSelectView.storyboard in Resources */,
				9AEDD95A235481A90004A0C2 /* buttonSKakera.png in Resources */,
				9A99CD0B276DDE3100AA560A /* MenuViewController.storyboard in Resources */,
				9AEDD92E234A0A1F0004A0C2 /* Assets.xcassets in Resources */,
				9AEDD95123547C3A0004A0C2 /* kakeraS2.png in Resources */,
				9AEDD948235390320004A0C2 /* kakera2.png in Resources */,
				9AEDD92C234A0A1D0004A0C2 /* Main.storyboard in Resources */,
				9A5FBA5326B94EF200B09CC8 /* PartSizeChangeView.storyboard in Resources */,
				9AEDD95223547C3A0004A0C2 /* kakeraS1.png in Resources */,
				9AD9FB85269F33CE00518925 /* AlbumTableViewCell.xib in Resources */,
			);
			runOnlyForDeploymentPostprocessing = 0;
		};
/* End PBXResourcesBuildPhase section */

/* Begin PBXSourcesBuildPhase section */
		9AEDD91F234A0A1D0004A0C2 /* Sources */ = {
			isa = PBXSourcesBuildPhase;
			buildActionMask = 2147483647;
			files = (
				9AD9FB83269F316A00518925 /* AlbumTableViewCell.swift in Sources */,
				9ADF72BF276E17F6008608E5 /* UIViewController+Ex.swift in Sources */,
				9AC3914B26A57D2900CA7D19 /* PHPhotoLibrary+Ex.swift in Sources */,
				9ABA85DD26BFBEBC002EC738 /* Index+Ex.swift in Sources */,
				9AEDD9642354E1E50004A0C2 /* EndTutorialViewController.swift in Sources */,
				9A994F7726CA4D5A008ABBCD /* UILabel+Ex.swift in Sources */,
				9ABA85D926BD4723002EC738 /* MTLClearColor+Ex.swift in Sources */,
				9AA7F912235ED28B004B03B4 /* HelpSelectViewController.swift in Sources */,
				9AC3915226AECDF000CA7D19 /* HelpContainerViewController.swift in Sources */,
				9AD9FB89269F352B00518925 /* AlbumInfo.swift in Sources */,
				9AD9FB7B269F306100518925 /* SelectAlbumViewController.swift in Sources */,
				9AEDD93B234A0F190004A0C2 /* shader.metal in Sources */,
				9AD47C372699E644003B8094 /* DeniedViewController.swift in Sources */,
				9AEDD9602354AA420004A0C2 /* TutorialViewController.swift in Sources */,
				9AC3914E26A5906D00CA7D19 /* PhotosManager.swift in Sources */,
				9AEDD944235370C40004A0C2 /* MenuViewController.swift in Sources */,
				9AEDD929234A0A1D0004A0C2 /* DrawViewController.swift in Sources */,
				9A5FBA5E26BBAFBE00B09CC8 /* MTKView+Ex.swift in Sources */,
				9AEDD9622354D1650004A0C2 /* ShowApprovalViewController.swift in Sources */,
				9AEDD939234A0EEC0004A0C2 /* Renderer.swift in Sources */,
				9AEDD93D2352BC3D0004A0C2 /* ParticleSetup.swift in Sources */,
				9A5FBA5726BA244600B09CC8 /* PartSizeChangeViewController.swift in Sources */,
				9AD9FB75269C977B00518925 /* UIImage+Ex.swift in Sources */,
				9AC3915026ADABDB00CA7D19 /* UIView+Ex.swift in Sources */,
				9AEDD94A23543B260004A0C2 /* TitleViewController.swift in Sources */,
				9ABA85D726BD3CE2002EC738 /* UIColor+Ex.swift in Sources */,
				9AD9FB73269C8E5B00518925 /* Array+Ex.swift in Sources */,
				9AEDD93F2352C7250004A0C2 /* CreateParts.swift in Sources */,
				9AEDD927234A0A1D0004A0C2 /* AppDelegate.swift in Sources */,
			);
			runOnlyForDeploymentPostprocessing = 0;
		};
/* End PBXSourcesBuildPhase section */

/* Begin PBXVariantGroup section */
		9AEDD92A234A0A1D0004A0C2 /* Main.storyboard */ = {
			isa = PBXVariantGroup;
			children = (
				9AEDD92B234A0A1D0004A0C2 /* Base */,
			);
			name = Main.storyboard;
			sourceTree = "<group>";
		};
		9AEDD92F234A0A1F0004A0C2 /* LaunchScreen.storyboard */ = {
			isa = PBXVariantGroup;
			children = (
				9AEDD930234A0A1F0004A0C2 /* Base */,
			);
			name = LaunchScreen.storyboard;
			sourceTree = "<group>";
		};
/* End PBXVariantGroup section */

/* Begin XCBuildConfiguration section */
		9AEDD933234A0A1F0004A0C2 /* Debug */ = {
			isa = XCBuildConfiguration;
			buildSettings = {
				ALWAYS_SEARCH_USER_PATHS = NO;
				CLANG_ANALYZER_NONNULL = YES;
				CLANG_ANALYZER_NUMBER_OBJECT_CONVERSION = YES_AGGRESSIVE;
				CLANG_CXX_LANGUAGE_STANDARD = "gnu++14";
				CLANG_CXX_LIBRARY = "libc++";
				CLANG_ENABLE_MODULES = YES;
				CLANG_ENABLE_OBJC_ARC = YES;
				CLANG_ENABLE_OBJC_WEAK = YES;
				CLANG_WARN_BLOCK_CAPTURE_AUTORELEASING = YES;
				CLANG_WARN_BOOL_CONVERSION = YES;
				CLANG_WARN_COMMA = YES;
				CLANG_WARN_CONSTANT_CONVERSION = YES;
				CLANG_WARN_DEPRECATED_OBJC_IMPLEMENTATIONS = YES;
				CLANG_WARN_DIRECT_OBJC_ISA_USAGE = YES_ERROR;
				CLANG_WARN_DOCUMENTATION_COMMENTS = YES;
				CLANG_WARN_EMPTY_BODY = YES;
				CLANG_WARN_ENUM_CONVERSION = YES;
				CLANG_WARN_INFINITE_RECURSION = YES;
				CLANG_WARN_INT_CONVERSION = YES;
				CLANG_WARN_NON_LITERAL_NULL_CONVERSION = YES;
				CLANG_WARN_OBJC_IMPLICIT_RETAIN_SELF = YES;
				CLANG_WARN_OBJC_LITERAL_CONVERSION = YES;
				CLANG_WARN_OBJC_ROOT_CLASS = YES_ERROR;
				CLANG_WARN_RANGE_LOOP_ANALYSIS = YES;
				CLANG_WARN_STRICT_PROTOTYPES = YES;
				CLANG_WARN_SUSPICIOUS_MOVE = YES;
				CLANG_WARN_UNGUARDED_AVAILABILITY = YES_AGGRESSIVE;
				CLANG_WARN_UNREACHABLE_CODE = YES;
				CLANG_WARN__DUPLICATE_METHOD_MATCH = YES;
				CODE_SIGN_IDENTITY = "iPhone Developer";
				COPY_PHASE_STRIP = NO;
				DEBUG_INFORMATION_FORMAT = dwarf;
				ENABLE_STRICT_OBJC_MSGSEND = YES;
				ENABLE_TESTABILITY = YES;
				GCC_C_LANGUAGE_STANDARD = gnu11;
				GCC_DYNAMIC_NO_PIC = NO;
				GCC_NO_COMMON_BLOCKS = YES;
				GCC_OPTIMIZATION_LEVEL = 0;
				GCC_PREPROCESSOR_DEFINITIONS = (
					"DEBUG=1",
					"$(inherited)",
				);
				GCC_WARN_64_TO_32_BIT_CONVERSION = YES;
				GCC_WARN_ABOUT_RETURN_TYPE = YES_ERROR;
				GCC_WARN_UNDECLARED_SELECTOR = YES;
				GCC_WARN_UNINITIALIZED_AUTOS = YES_AGGRESSIVE;
				GCC_WARN_UNUSED_FUNCTION = YES;
				GCC_WARN_UNUSED_VARIABLE = YES;
				IPHONEOS_DEPLOYMENT_TARGET = 12.4;
				MTL_ENABLE_DEBUG_INFO = INCLUDE_SOURCE;
				MTL_FAST_MATH = YES;
				ONLY_ACTIVE_ARCH = YES;
				SDKROOT = iphoneos;
				SWIFT_ACTIVE_COMPILATION_CONDITIONS = DEBUG;
				SWIFT_OPTIMIZATION_LEVEL = "-Onone";
			};
			name = Debug;
		};
		9AEDD934234A0A1F0004A0C2 /* Release */ = {
			isa = XCBuildConfiguration;
			buildSettings = {
				ALWAYS_SEARCH_USER_PATHS = NO;
				CLANG_ANALYZER_NONNULL = YES;
				CLANG_ANALYZER_NUMBER_OBJECT_CONVERSION = YES_AGGRESSIVE;
				CLANG_CXX_LANGUAGE_STANDARD = "gnu++14";
				CLANG_CXX_LIBRARY = "libc++";
				CLANG_ENABLE_MODULES = YES;
				CLANG_ENABLE_OBJC_ARC = YES;
				CLANG_ENABLE_OBJC_WEAK = YES;
				CLANG_WARN_BLOCK_CAPTURE_AUTORELEASING = YES;
				CLANG_WARN_BOOL_CONVERSION = YES;
				CLANG_WARN_COMMA = YES;
				CLANG_WARN_CONSTANT_CONVERSION = YES;
				CLANG_WARN_DEPRECATED_OBJC_IMPLEMENTATIONS = YES;
				CLANG_WARN_DIRECT_OBJC_ISA_USAGE = YES_ERROR;
				CLANG_WARN_DOCUMENTATION_COMMENTS = YES;
				CLANG_WARN_EMPTY_BODY = YES;
				CLANG_WARN_ENUM_CONVERSION = YES;
				CLANG_WARN_INFINITE_RECURSION = YES;
				CLANG_WARN_INT_CONVERSION = YES;
				CLANG_WARN_NON_LITERAL_NULL_CONVERSION = YES;
				CLANG_WARN_OBJC_IMPLICIT_RETAIN_SELF = YES;
				CLANG_WARN_OBJC_LITERAL_CONVERSION = YES;
				CLANG_WARN_OBJC_ROOT_CLASS = YES_ERROR;
				CLANG_WARN_RANGE_LOOP_ANALYSIS = YES;
				CLANG_WARN_STRICT_PROTOTYPES = YES;
				CLANG_WARN_SUSPICIOUS_MOVE = YES;
				CLANG_WARN_UNGUARDED_AVAILABILITY = YES_AGGRESSIVE;
				CLANG_WARN_UNREACHABLE_CODE = YES;
				CLANG_WARN__DUPLICATE_METHOD_MATCH = YES;
				CODE_SIGN_IDENTITY = "iPhone Developer";
				COPY_PHASE_STRIP = NO;
				DEBUG_INFORMATION_FORMAT = "dwarf-with-dsym";
				ENABLE_NS_ASSERTIONS = NO;
				ENABLE_STRICT_OBJC_MSGSEND = YES;
				GCC_C_LANGUAGE_STANDARD = gnu11;
				GCC_NO_COMMON_BLOCKS = YES;
				GCC_WARN_64_TO_32_BIT_CONVERSION = YES;
				GCC_WARN_ABOUT_RETURN_TYPE = YES_ERROR;
				GCC_WARN_UNDECLARED_SELECTOR = YES;
				GCC_WARN_UNINITIALIZED_AUTOS = YES_AGGRESSIVE;
				GCC_WARN_UNUSED_FUNCTION = YES;
				GCC_WARN_UNUSED_VARIABLE = YES;
				IPHONEOS_DEPLOYMENT_TARGET = 12.4;
				MTL_ENABLE_DEBUG_INFO = NO;
				MTL_FAST_MATH = YES;
				SDKROOT = iphoneos;
				SWIFT_COMPILATION_MODE = wholemodule;
				SWIFT_OPTIMIZATION_LEVEL = "-O";
				VALIDATE_PRODUCT = YES;
			};
			name = Release;
		};
		9AEDD936234A0A1F0004A0C2 /* Debug */ = {
			isa = XCBuildConfiguration;
			buildSettings = {
				ASSETCATALOG_COMPILER_APPICON_NAME = AppIcon;
				CODE_SIGN_STYLE = Automatic;
				CURRENT_PROJECT_VERSION = 10;
				DEVELOPMENT_TEAM = GY636G2259;
				INFOPLIST_FILE = omokake02/Info.plist;
				IPHONEOS_DEPLOYMENT_TARGET = 13.0;
				LD_RUNPATH_SEARCH_PATHS = (
					"$(inherited)",
					"@executable_path/Frameworks",
				);
				MARKETING_VERSION = 2.2;
				PRODUCT_BUNDLE_IDENTIFIER = takashiki.omokake;
				PRODUCT_NAME = omokake;
				SWIFT_VERSION = 5.0;
				TARGETED_DEVICE_FAMILY = 1;
			};
			name = Debug;
		};
		9AEDD937234A0A1F0004A0C2 /* Release */ = {
			isa = XCBuildConfiguration;
			buildSettings = {
				ASSETCATALOG_COMPILER_APPICON_NAME = AppIcon;
				CODE_SIGN_STYLE = Automatic;
				CURRENT_PROJECT_VERSION = 10;
				DEVELOPMENT_TEAM = GY636G2259;
				INFOPLIST_FILE = omokake02/Info.plist;
				IPHONEOS_DEPLOYMENT_TARGET = 13.0;
				LD_RUNPATH_SEARCH_PATHS = (
					"$(inherited)",
					"@executable_path/Frameworks",
				);
				MARKETING_VERSION = 2.2;
				PRODUCT_BUNDLE_IDENTIFIER = takashiki.omokake;
				PRODUCT_NAME = omokake;
				SWIFT_VERSION = 5.0;
				TARGETED_DEVICE_FAMILY = 1;
			};
			name = Release;
		};
/* End XCBuildConfiguration section */

/* Begin XCConfigurationList section */
		9AEDD91E234A0A1D0004A0C2 /* Build configuration list for PBXProject "omokake02" */ = {
			isa = XCConfigurationList;
			buildConfigurations = (
				9AEDD933234A0A1F0004A0C2 /* Debug */,
				9AEDD934234A0A1F0004A0C2 /* Release */,
			);
			defaultConfigurationIsVisible = 0;
			defaultConfigurationName = Release;
		};
		9AEDD935234A0A1F0004A0C2 /* Build configuration list for PBXNativeTarget "omokake02" */ = {
			isa = XCConfigurationList;
			buildConfigurations = (
				9AEDD936234A0A1F0004A0C2 /* Debug */,
				9AEDD937234A0A1F0004A0C2 /* Release */,
			);
			defaultConfigurationIsVisible = 0;
			defaultConfigurationName = Release;
		};
/* End XCConfigurationList section */

/* Begin XCRemoteSwiftPackageReference section */
		9AD9FB76269EF0C600518925 /* XCRemoteSwiftPackageReference "DeviceKit" */ = {
			isa = XCRemoteSwiftPackageReference;
			repositoryURL = "https://github.com/devicekit/DeviceKit.git";
			requirement = {
				kind = upToNextMajorVersion;
				minimumVersion = 4.4.0;
			};
		};
/* End XCRemoteSwiftPackageReference section */

/* Begin XCSwiftPackageProductDependency section */
		9AD9FB77269EF0C600518925 /* DeviceKit */ = {
			isa = XCSwiftPackageProductDependency;
			package = 9AD9FB76269EF0C600518925 /* XCRemoteSwiftPackageReference "DeviceKit" */;
			productName = DeviceKit;
		};
/* End XCSwiftPackageProductDependency section */
	};
	rootObject = 9AEDD91B234A0A1D0004A0C2 /* Project object */;
}
