// !$*UTF8*$!
{
	archiveVersion = 1;
	classes = {
	};
	objectVersion = 90;
	objects = {

/* Begin PBXBuildFile section */
		9A2BC1112E1B8F9D003151B8 /* OmokakeOldApp in Frameworks */ = {isa = PBXBuildFile; productRef = 9A2BC1102E1B8F9D003151B8 /* OmokakeOldApp */; };
		9ADD3E962E182D450094667F /* OmokakeWindowApp in Frameworks */ = {isa = PBXBuildFile; productRef = 9ADD3E952E182D450094667F /* OmokakeWindowApp */; };
		9ADD3EB62E1B87310094667F /* OmokakeSpaceApp in Frameworks */ = {isa = PBXBuildFile; productRef = 9ADD3EB52E1B87310094667F /* OmokakeSpaceApp */; };
/* End PBXBuildFile section */

/* Begin PBXContainerItemProxy section */
		9ADD3E632E181FF90094667F /* PBXContainerItemProxy */ = {
			isa = PBXContainerItemProxy;
			containerPortal = 9ADD3E4D2E181FF80094667F /* Project object */;
			proxyType = 1;
			remoteGlobalIDString = 9ADD3E542E181FF80094667F;
			remoteInfo = Omokake;
		};
		9ADD3E6D2E181FF90094667F /* PBXContainerItemProxy */ = {
			isa = PBXContainerItemProxy;
			containerPortal = 9ADD3E4D2E181FF80094667F /* Project object */;
			proxyType = 1;
			remoteGlobalIDString = 9ADD3E542E181FF80094667F;
			remoteInfo = Omokake;
		};
/* End PBXContainerItemProxy section */

/* Begin PBXFileReference section */
		9ADD3E552E181FF80094667F /* Omokake.app */ = {isa = PBXFileReference; explicitFileType = wrapper.application; includeInIndex = 0; path = Omokake.app; sourceTree = BUILT_PRODUCTS_DIR; };
		9ADD3E622E181FF90094667F /* OmokakeTests.xctest */ = {isa = PBXFileReference; explicitFileType = wrapper.cfbundle; includeInIndex = 0; path = OmokakeTests.xctest; sourceTree = BUILT_PRODUCTS_DIR; };
		9ADD3E6C2E181FF90094667F /* OmokakeUITests.xctest */ = {isa = PBXFileReference; explicitFileType = wrapper.cfbundle; includeInIndex = 0; path = OmokakeUITests.xctest; sourceTree = BUILT_PRODUCTS_DIR; };
/* End PBXFileReference section */

/* Begin PBXFileSystemSynchronizedBuildFileExceptionSet section */
		9A07CBC92E1BA78800080A59 /* Exceptions for "Omokake" folder in "Omokake" target */ = {
			isa = PBXFileSystemSynchronizedBuildFileExceptionSet;
			membershipExceptions = (
				Info.plist,
			);
			target = 9ADD3E542E181FF80094667F /* Omokake */;
		};
		9ADD3EB82E1B88BA0094667F /* Exceptions for "Package" folder in "Omokake" target */ = {
			isa = PBXFileSystemSynchronizedBuildFileExceptionSet;
			membershipExceptions = (
				OmokakeOldApp,
			);
			target = 9ADD3E542E181FF80094667F /* Omokake */;
		};
/* End PBXFileSystemSynchronizedBuildFileExceptionSet section */

/* Begin PBXFileSystemSynchronizedRootGroup section */
		9ADD3E572E181FF80094667F /* Omokake */ = {
			isa = PBXFileSystemSynchronizedRootGroup;
			exceptions = (
				9A07CBC92E1BA78800080A59 /* Exceptions for "Omokake" folder in "Omokake" target */,
			);
			path = Omokake;
			sourceTree = "<group>";
		};
		9ADD3E652E181FF90094667F /* OmokakeTests */ = {
			isa = PBXFileSystemSynchronizedRootGroup;
			path = OmokakeTests;
			sourceTree = "<group>";
		};
		9ADD3E6F2E181FF90094667F /* OmokakeUITests */ = {
			isa = PBXFileSystemSynchronizedRootGroup;
			path = OmokakeUITests;
			sourceTree = "<group>";
		};
		9ADD3E822E1822AB0094667F /* Package */ = {
			isa = PBXFileSystemSynchronizedRootGroup;
			exceptions = (
				9ADD3EB82E1B88BA0094667F /* Exceptions for "Package" folder in "Omokake" target */,
			);
			path = Package;
			sourceTree = "<group>";
		};
/* End PBXFileSystemSynchronizedRootGroup section */

/* Begin PBXFrameworksBuildPhase section */
		9ADD3E522E181FF80094667F /* Frameworks */ = {
			isa = PBXFrameworksBuildPhase;
			files = (
				9ADD3E962E182D450094667F /* OmokakeWindowApp in Frameworks */,
				9A2BC1112E1B8F9D003151B8 /* OmokakeOldApp in Frameworks */,
				9ADD3EB62E1B87310094667F /* OmokakeSpaceApp in Frameworks */,
			);
		};
		9ADD3E5F2E181FF90094667F /* Frameworks */ = {
			isa = PBXFrameworksBuildPhase;
			files = (
			);
		};
		9ADD3E692E181FF90094667F /* Frameworks */ = {
			isa = PBXFrameworksBuildPhase;
			files = (
			);
		};
/* End PBXFrameworksBuildPhase section */

/* Begin PBXGroup section */
		9ADD3E4C2E181FF80094667F = {
			isa = PBXGroup;
			children = (
				9ADD3E822E1822AB0094667F /* Package */,
				9ADD3E572E181FF80094667F /* Omokake */,
				9ADD3E652E181FF90094667F /* OmokakeTests */,
				9ADD3E6F2E181FF90094667F /* OmokakeUITests */,
				9ADD3E942E182D450094667F /* Frameworks */,
				9ADD3E562E181FF80094667F /* Products */,
			);
			sourceTree = "<group>";
		};
		9ADD3E562E181FF80094667F /* Products */ = {
			isa = PBXGroup;
			children = (
				9ADD3E552E181FF80094667F /* Omokake.app */,
				9ADD3E622E181FF90094667F /* OmokakeTests.xctest */,
				9ADD3E6C2E181FF90094667F /* OmokakeUITests.xctest */,
			);
			name = Products;
			sourceTree = "<group>";
		};
		9ADD3E942E182D450094667F /* Frameworks */ = {
			isa = PBXGroup;
			children = (
			);
			name = Frameworks;
			sourceTree = "<group>";
		};
/* End PBXGroup section */

/* Begin PBXNativeTarget section */
		9ADD3E542E181FF80094667F /* Omokake */ = {
			isa = PBXNativeTarget;
			buildConfigurationList = 9ADD3E762E181FF90094667F /* Build configuration list for PBXNativeTarget "Omokake" */;
			buildPhases = (
				9ADD3E512E181FF80094667F /* Sources */,
				9ADD3E522E181FF80094667F /* Frameworks */,
				9ADD3E532E181FF80094667F /* Resources */,
			);
			buildRules = (
			);
			fileSystemSynchronizedGroups = (
				9ADD3E572E181FF80094667F /* Omokake */,
				9ADD3E822E1822AB0094667F /* Package */,
			);
			name = Omokake;
			packageProductDependencies = (
				9ADD3E952E182D450094667F /* OmokakeWindowApp */,
				9ADD3EB52E1B87310094667F /* OmokakeSpaceApp */,
				9A2BC1102E1B8F9D003151B8 /* OmokakeOldApp */,
			);
			productName = Omokake;
			productReference = 9ADD3E552E181FF80094667F /* Omokake.app */;
			productType = "com.apple.product-type.application";
		};
		9ADD3E612E181FF90094667F /* OmokakeTests */ = {
			isa = PBXNativeTarget;
			buildConfigurationList = 9ADD3E792E181FF90094667F /* Build configuration list for PBXNativeTarget "OmokakeTests" */;
			buildPhases = (
				9ADD3E5E2E181FF90094667F /* Sources */,
				9ADD3E5F2E181FF90094667F /* Frameworks */,
				9ADD3E602E181FF90094667F /* Resources */,
			);
			buildRules = (
			);
			dependencies = (
				9ADD3E642E181FF90094667F /* PBXTargetDependency */,
			);
			fileSystemSynchronizedGroups = (
				9ADD3E652E181FF90094667F /* OmokakeTests */,
			);
			name = OmokakeTests;
			productName = OmokakeTests;
			productReference = 9ADD3E622E181FF90094667F /* OmokakeTests.xctest */;
			productType = "com.apple.product-type.bundle.unit-test";
		};
		9ADD3E6B2E181FF90094667F /* OmokakeUITests */ = {
			isa = PBXNativeTarget;
			buildConfigurationList = 9ADD3E7C2E181FF90094667F /* Build configuration list for PBXNativeTarget "OmokakeUITests" */;
			buildPhases = (
				9ADD3E682E181FF90094667F /* Sources */,
				9ADD3E692E181FF90094667F /* Frameworks */,
				9ADD3E6A2E181FF90094667F /* Resources */,
			);
			buildRules = (
			);
			dependencies = (
				9ADD3E6E2E181FF90094667F /* PBXTargetDependency */,
			);
			fileSystemSynchronizedGroups = (
				9ADD3E6F2E181FF90094667F /* OmokakeUITests */,
			);
			name = OmokakeUITests;
			productName = OmokakeUITests;
			productReference = 9ADD3E6C2E181FF90094667F /* OmokakeUITests.xctest */;
			productType = "com.apple.product-type.bundle.ui-testing";
		};
/* End PBXNativeTarget section */

/* Begin PBXProject section */
		9ADD3E4D2E181FF80094667F /* Project object */ = {
			isa = PBXProject;
			attributes = {
				BuildIndependentTargetsInParallel = 1;
				LastSwiftUpdateCheck = 2600;
				LastUpgradeCheck = 2600;
				TargetAttributes = {
					9ADD3E542E181FF80094667F = {
						CreatedOnToolsVersion = 26.0;
					};
					9ADD3E612E181FF90094667F = {
						CreatedOnToolsVersion = 26.0;
						TestTargetID = 9ADD3E542E181FF80094667F;
					};
					9ADD3E6B2E181FF90094667F = {
						CreatedOnToolsVersion = 26.0;
						TestTargetID = 9ADD3E542E181FF80094667F;
					};
				};
			};
			buildConfigurationList = 9ADD3E502E181FF80094667F /* Build configuration list for PBXProject "Omokake" */;
			developmentRegion = en;
			hasScannedForEncodings = 0;
			knownRegions = (
				en,
				Base,
			);
			mainGroup = 9ADD3E4C2E181FF80094667F;
			minimizedProjectReferenceProxies = 1;
			packageReferences = (
			);
			preferredProjectObjectVersion = 90;
			productRefGroup = 9ADD3E562E181FF80094667F /* Products */;
			projectDirPath = "";
			projectRoot = "";
			targets = (
				9ADD3E542E181FF80094667F /* Omokake */,
				9ADD3E612E181FF90094667F /* OmokakeTests */,
				9ADD3E6B2E181FF90094667F /* OmokakeUITests */,
			);
		};
/* End PBXProject section */

/* Begin PBXResourcesBuildPhase section */
		9ADD3E532E181FF80094667F /* Resources */ = {
			isa = PBXResourcesBuildPhase;
			files = (
			);
		};
		9ADD3E602E181FF90094667F /* Resources */ = {
			isa = PBXResourcesBuildPhase;
			files = (
			);
		};
		9ADD3E6A2E181FF90094667F /* Resources */ = {
			isa = PBXResourcesBuildPhase;
			files = (
			);
		};
/* End PBXResourcesBuildPhase section */

/* Begin PBXSourcesBuildPhase section */
		9ADD3E512E181FF80094667F /* Sources */ = {
			isa = PBXSourcesBuildPhase;
			files = (
			);
		};
		9ADD3E5E2E181FF90094667F /* Sources */ = {
			isa = PBXSourcesBuildPhase;
			files = (
			);
		};
		9ADD3E682E181FF90094667F /* Sources */ = {
			isa = PBXSourcesBuildPhase;
			files = (
			);
		};
/* End PBXSourcesBuildPhase section */

/* Begin PBXTargetDependency section */
		9ADD3E642E181FF90094667F /* PBXTargetDependency */ = {
			isa = PBXTargetDependency;
			target = 9ADD3E542E181FF80094667F /* Omokake */;
			targetProxy = 9ADD3E632E181FF90094667F /* PBXContainerItemProxy */;
		};
		9ADD3E6E2E181FF90094667F /* PBXTargetDependency */ = {
			isa = PBXTargetDependency;
			target = 9ADD3E542E181FF80094667F /* Omokake */;
			targetProxy = 9ADD3E6D2E181FF90094667F /* PBXContainerItemProxy */;
		};
/* End PBXTargetDependency section */

/* Begin XCBuildConfiguration section */
		9ADD3E742E181FF90094667F /* Debug configuration for PBXProject "Omokake" */ = {
			isa = XCBuildConfiguration;
			buildSettings = {
				ALWAYS_SEARCH_USER_PATHS = NO;
				ASSETCATALOG_COMPILER_GENERATE_SWIFT_ASSET_SYMBOL_EXTENSIONS = YES;
				CLANG_ANALYZER_NONNULL = YES;
				CLANG_ANALYZER_NUMBER_OBJECT_CONVERSION = YES_AGGRESSIVE;
				CLANG_CXX_LANGUAGE_STANDARD = "gnu++20";
				CLANG_ENABLE_MODULES = YES;
				CLANG_ENABLE_OBJC_ARC = YES;
				CLANG_ENABLE_OBJC_WEAK = YES;
				CLANG_WARN_BLOCK_CAPTURE_AUTORELEASING = YES;
				CLANG_WARN_BOOL_CONVERSION = YES;
				CLANG_WARN_COMMA = YES;
				CLANG_WARN_CONSTANT_CONVERSION = YES;
				CLANG_WARN_DEPRECATED_OBJC_IMPLEMENTATIONS = YES;
				CLANG_WARN_DIRECT_OBJC_ISA_USAGE = YES_ERROR;
				CLANG_WARN_DOCUMENTATION_COMMENTS = YES;
				CLANG_WARN_EMPTY_BODY = YES;
				CLANG_WARN_ENUM_CONVERSION = YES;
				CLANG_WARN_INFINITE_RECURSION = YES;
				CLANG_WARN_INT_CONVERSION = YES;
				CLANG_WARN_NON_LITERAL_NULL_CONVERSION = YES;
				CLANG_WARN_OBJC_IMPLICIT_RETAIN_SELF = YES;
				CLANG_WARN_OBJC_LITERAL_CONVERSION = YES;
				CLANG_WARN_OBJC_ROOT_CLASS = YES_ERROR;
				CLANG_WARN_QUOTED_INCLUDE_IN_FRAMEWORK_HEADER = YES;
				CLANG_WARN_RANGE_LOOP_ANALYSIS = YES;
				CLANG_WARN_STRICT_PROTOTYPES = YES;
				CLANG_WARN_SUSPICIOUS_MOVE = YES;
				CLANG_WARN_UNGUARDED_AVAILABILITY = YES_AGGRESSIVE;
				CLANG_WARN_UNREACHABLE_CODE = YES;
				CLANG_WARN__DUPLICATE_METHOD_MATCH = YES;
				COPY_PHASE_STRIP = NO;
				DEBUG_INFORMATION_FORMAT = dwarf;
				DEVELOPMENT_TEAM = GY636G2259;
				ENABLE_STRICT_OBJC_MSGSEND = YES;
				ENABLE_TESTABILITY = YES;
				ENABLE_USER_SCRIPT_SANDBOXING = YES;
				GCC_C_LANGUAGE_STANDARD = gnu17;
				GCC_DYNAMIC_NO_PIC = NO;
				GCC_NO_COMMON_BLOCKS = YES;
				GCC_OPTIMIZATION_LEVEL = 0;
				GCC_PREPROCESSOR_DEFINITIONS = (
					"DEBUG=1",
					"$(inherited)",
				);
				GCC_WARN_64_TO_32_BIT_CONVERSION = YES;
				GCC_WARN_ABOUT_RETURN_TYPE = YES_ERROR;
				GCC_WARN_UNDECLARED_SELECTOR = YES;
				GCC_WARN_UNINITIALIZED_AUTOS = YES_AGGRESSIVE;
				GCC_WARN_UNUSED_FUNCTION = YES;
				GCC_WARN_UNUSED_VARIABLE = YES;
				LOCALIZATION_PREFERS_STRING_CATALOGS = YES;
				MTL_ENABLE_DEBUG_INFO = INCLUDE_SOURCE;
				MTL_FAST_MATH = YES;
				ONLY_ACTIVE_ARCH = YES;
				SWIFT_ACTIVE_COMPILATION_CONDITIONS = "DEBUG $(inherited)";
				SWIFT_OPTIMIZATION_LEVEL = "-Onone";
			};
			name = Debug;
		};
		9ADD3E752E181FF90094667F /* Release configuration for PBXProject "Omokake" */ = {
			isa = XCBuildConfiguration;
			buildSettings = {
				ALWAYS_SEARCH_USER_PATHS = NO;
				ASSETCATALOG_COMPILER_GENERATE_SWIFT_ASSET_SYMBOL_EXTENSIONS = YES;
				CLANG_ANALYZER_NONNULL = YES;
				CLANG_ANALYZER_NUMBER_OBJECT_CONVERSION = YES_AGGRESSIVE;
				CLANG_CXX_LANGUAGE_STANDARD = "gnu++20";
				CLANG_ENABLE_MODULES = YES;
				CLANG_ENABLE_OBJC_ARC = YES;
				CLANG_ENABLE_OBJC_WEAK = YES;
				CLANG_WARN_BLOCK_CAPTURE_AUTORELEASING = YES;
				CLANG_WARN_BOOL_CONVERSION = YES;
				CLANG_WARN_COMMA = YES;
				CLANG_WARN_CONSTANT_CONVERSION = YES;
				CLANG_WARN_DEPRECATED_OBJC_IMPLEMENTATIONS = YES;
				CLANG_WARN_DIRECT_OBJC_ISA_USAGE = YES_ERROR;
				CLANG_WARN_DOCUMENTATION_COMMENTS = YES;
				CLANG_WARN_EMPTY_BODY = YES;
				CLANG_WARN_ENUM_CONVERSION = YES;
				CLANG_WARN_INFINITE_RECURSION = YES;
				CLANG_WARN_INT_CONVERSION = YES;
				CLANG_WARN_NON_LITERAL_NULL_CONVERSION = YES;
				CLANG_WARN_OBJC_IMPLICIT_RETAIN_SELF = YES;
				CLANG_WARN_OBJC_LITERAL_CONVERSION = YES;
				CLANG_WARN_OBJC_ROOT_CLASS = YES_ERROR;
				CLANG_WARN_QUOTED_INCLUDE_IN_FRAMEWORK_HEADER = YES;
				CLANG_WARN_RANGE_LOOP_ANALYSIS = YES;
				CLANG_WARN_STRICT_PROTOTYPES = YES;
				CLANG_WARN_SUSPICIOUS_MOVE = YES;
				CLANG_WARN_UNGUARDED_AVAILABILITY = YES_AGGRESSIVE;
				CLANG_WARN_UNREACHABLE_CODE = YES;
				CLANG_WARN__DUPLICATE_METHOD_MATCH = YES;
				COPY_PHASE_STRIP = NO;
				DEBUG_INFORMATION_FORMAT = "dwarf-with-dsym";
				DEVELOPMENT_TEAM = GY636G2259;
				ENABLE_NS_ASSERTIONS = NO;
				ENABLE_STRICT_OBJC_MSGSEND = YES;
				ENABLE_USER_SCRIPT_SANDBOXING = YES;
				GCC_C_LANGUAGE_STANDARD = gnu17;
				GCC_NO_COMMON_BLOCKS = YES;
				GCC_WARN_64_TO_32_BIT_CONVERSION = YES;
				GCC_WARN_ABOUT_RETURN_TYPE = YES_ERROR;
				GCC_WARN_UNDECLARED_SELECTOR = YES;
				GCC_WARN_UNINITIALIZED_AUTOS = YES_AGGRESSIVE;
				GCC_WARN_UNUSED_FUNCTION = YES;
				GCC_WARN_UNUSED_VARIABLE = YES;
				LOCALIZATION_PREFERS_STRING_CATALOGS = YES;
				MTL_ENABLE_DEBUG_INFO = NO;
				MTL_FAST_MATH = YES;
				SWIFT_COMPILATION_MODE = wholemodule;
			};
			name = Release;
		};
		9ADD3E772E181FF90094667F /* Debug configuration for PBXNativeTarget "Omokake" */ = {
			isa = XCBuildConfiguration;
			buildSettings = {
				ASSETCATALOG_COMPILER_APPICON_NAME = Omokake;
				ASSETCATALOG_COMPILER_GLOBAL_ACCENT_COLOR_NAME = AccentColor;
				ASSETCATALOG_COMPILER_INCLUDE_ALL_APPICON_ASSETS = YES;
				"CODE_SIGN_IDENTITY[sdk=macosx*]" = "Apple Development";
				CODE_SIGN_STYLE = Automatic;
				CURRENT_PROJECT_VERSION = 1;
				DEVELOPMENT_TEAM = GY636G2259;
				ENABLE_APP_SANDBOX = YES;
				ENABLE_HARDENED_RUNTIME = YES;
				ENABLE_PREVIEWS = YES;
				ENABLE_USER_SELECTED_FILES = readonly;
				GENERATE_INFOPLIST_FILE = YES;
				INFOPLIST_FILE = Omokake/Info.plist;
				INFOPLIST_KEY_CFBundleDisplayName = Omokake;
				INFOPLIST_KEY_LSApplicationCategoryType = "public.app-category.entertainment";
				INFOPLIST_KEY_NSPhotoLibraryUsageDescription = "写真を作品に反映させるためには\"すべての写真へのアクセス\"が必要です。写真への影響はありません。";
				"INFOPLIST_KEY_UIApplicationSceneManifest_Generation[sdk=iphoneos*]" = YES;
				"INFOPLIST_KEY_UIApplicationSceneManifest_Generation[sdk=iphonesimulator*]" = YES;
				"INFOPLIST_KEY_UIApplicationSupportsIndirectInputEvents[sdk=iphoneos*]" = YES;
				"INFOPLIST_KEY_UIApplicationSupportsIndirectInputEvents[sdk=iphonesimulator*]" = YES;
				"INFOPLIST_KEY_UILaunchScreen_Generation[sdk=iphoneos*]" = YES;
				"INFOPLIST_KEY_UILaunchScreen_Generation[sdk=iphonesimulator*]" = YES;
				"INFOPLIST_KEY_UIStatusBarStyle[sdk=iphoneos*]" = UIStatusBarStyleDefault;
				"INFOPLIST_KEY_UIStatusBarStyle[sdk=iphonesimulator*]" = UIStatusBarStyleDefault;
				INFOPLIST_KEY_UISupportedInterfaceOrientations = UIInterfaceOrientationPortrait;
				INFOPLIST_KEY_UISupportedInterfaceOrientations_iPad = "UIInterfaceOrientationLandscapeLeft UIInterfaceOrientationLandscapeRight UIInterfaceOrientationPortrait UIInterfaceOrientationPortraitUpsideDown";
				INFOPLIST_KEY_UIUserInterfaceStyle = Dark;
				IPHONEOS_DEPLOYMENT_TARGET = 13.0;
				LD_RUNPATH_SEARCH_PATHS = "@executable_path/Frameworks";
				"LD_RUNPATH_SEARCH_PATHS[sdk=macosx*]" = "@executable_path/../Frameworks";
				MACOSX_DEPLOYMENT_TARGET = 26.0;
				MARKETING_VERSION = 6.0;
				PRODUCT_BUNDLE_IDENTIFIER = takashiki.omokake;
				PRODUCT_NAME = "$(TARGET_NAME)";
				REGISTER_APP_GROUPS = YES;
				SDKROOT = auto;
				STRING_CATALOG_GENERATE_SYMBOLS = YES;
				SUPPORTED_PLATFORMS = "iphoneos iphonesimulator macosx xros xrsimulator";
				SWIFT_DEFAULT_ACTOR_ISOLATION = MainActor;
				SWIFT_EMIT_LOC_STRINGS = YES;
				SWIFT_UPCOMING_FEATURE_MEMBER_IMPORT_VISIBILITY = YES;
				SWIFT_VERSION = 6.0;
				TARGETED_DEVICE_FAMILY = "1,2,7";
				XROS_DEPLOYMENT_TARGET = 26.0;
			};
			name = Debug;
		};
		9ADD3E782E181FF90094667F /* Release configuration for PBXNativeTarget "Omokake" */ = {
			isa = XCBuildConfiguration;
			buildSettings = {
				ASSETCATALOG_COMPILER_APPICON_NAME = Omokake;
				ASSETCATALOG_COMPILER_GLOBAL_ACCENT_COLOR_NAME = AccentColor;
				ASSETCATALOG_COMPILER_INCLUDE_ALL_APPICON_ASSETS = YES;
				"CODE_SIGN_IDENTITY[sdk=macosx*]" = "Apple Development";
				CODE_SIGN_STYLE = Automatic;
				CURRENT_PROJECT_VERSION = 1;
				DEVELOPMENT_TEAM = GY636G2259;
				ENABLE_APP_SANDBOX = YES;
				ENABLE_HARDENED_RUNTIME = YES;
				ENABLE_PREVIEWS = YES;
				ENABLE_USER_SELECTED_FILES = readonly;
				GENERATE_INFOPLIST_FILE = YES;
				INFOPLIST_FILE = Omokake/Info.plist;
				INFOPLIST_KEY_CFBundleDisplayName = Omokake;
				INFOPLIST_KEY_LSApplicationCategoryType = "public.app-category.entertainment";
				INFOPLIST_KEY_NSPhotoLibraryUsageDescription = "写真を作品に反映させるためには\"すべての写真へのアクセス\"が必要です。写真への影響はありません。";
				"INFOPLIST_KEY_UIApplicationSceneManifest_Generation[sdk=iphoneos*]" = YES;
				"INFOPLIST_KEY_UIApplicationSceneManifest_Generation[sdk=iphonesimulator*]" = YES;
				"INFOPLIST_KEY_UIApplicationSupportsIndirectInputEvents[sdk=iphoneos*]" = YES;
				"INFOPLIST_KEY_UIApplicationSupportsIndirectInputEvents[sdk=iphonesimulator*]" = YES;
				"INFOPLIST_KEY_UILaunchScreen_Generation[sdk=iphoneos*]" = YES;
				"INFOPLIST_KEY_UILaunchScreen_Generation[sdk=iphonesimulator*]" = YES;
				"INFOPLIST_KEY_UIStatusBarStyle[sdk=iphoneos*]" = UIStatusBarStyleDefault;
				"INFOPLIST_KEY_UIStatusBarStyle[sdk=iphonesimulator*]" = UIStatusBarStyleDefault;
				INFOPLIST_KEY_UISupportedInterfaceOrientations = UIInterfaceOrientationPortrait;
				INFOPLIST_KEY_UISupportedInterfaceOrientations_iPad = "UIInterfaceOrientationLandscapeLeft UIInterfaceOrientationLandscapeRight UIInterfaceOrientationPortrait UIInterfaceOrientationPortraitUpsideDown";
				INFOPLIST_KEY_UIUserInterfaceStyle = Dark;
				IPHONEOS_DEPLOYMENT_TARGET = 13.0;
				LD_RUNPATH_SEARCH_PATHS = "@executable_path/Frameworks";
				"LD_RUNPATH_SEARCH_PATHS[sdk=macosx*]" = "@executable_path/../Frameworks";
				MACOSX_DEPLOYMENT_TARGET = 26.0;
				MARKETING_VERSION = 6.0;
				PRODUCT_BUNDLE_IDENTIFIER = takashiki.omokake;
				PRODUCT_NAME = "$(TARGET_NAME)";
				REGISTER_APP_GROUPS = YES;
				SDKROOT = auto;
				STRING_CATALOG_GENERATE_SYMBOLS = YES;
				SUPPORTED_PLATFORMS = "iphoneos iphonesimulator macosx xros xrsimulator";
				SWIFT_DEFAULT_ACTOR_ISOLATION = MainActor;
				SWIFT_EMIT_LOC_STRINGS = YES;
				SWIFT_UPCOMING_FEATURE_MEMBER_IMPORT_VISIBILITY = YES;
				SWIFT_VERSION = 6.0;
				TARGETED_DEVICE_FAMILY = "1,2,7";
				XROS_DEPLOYMENT_TARGET = 26.0;
			};
			name = Release;
		};
		9ADD3E7A2E181FF90094667F /* Debug configuration for PBXNativeTarget "OmokakeTests" */ = {
			isa = XCBuildConfiguration;
			buildSettings = {
				BUNDLE_LOADER = "$(TEST_HOST)";
				CODE_SIGN_STYLE = Automatic;
				CURRENT_PROJECT_VERSION = 1;
				DEVELOPMENT_TEAM = GY636G2259;
				GENERATE_INFOPLIST_FILE = YES;
				IPHONEOS_DEPLOYMENT_TARGET = 26.0;
				MACOSX_DEPLOYMENT_TARGET = 26.0;
				MARKETING_VERSION = 1.0;
				PRODUCT_BUNDLE_IDENTIFIER = com.kokiTakashiki.OmokakeTests;
				PRODUCT_NAME = "$(TARGET_NAME)";
				SDKROOT = auto;
				STRING_CATALOG_GENERATE_SYMBOLS = NO;
				SUPPORTED_PLATFORMS = "iphoneos iphonesimulator macosx xros xrsimulator";
				SWIFT_EMIT_LOC_STRINGS = NO;
				SWIFT_UPCOMING_FEATURE_MEMBER_IMPORT_VISIBILITY = YES;
				SWIFT_VERSION = 5.0;
				TARGETED_DEVICE_FAMILY = "1,2,7";
				TEST_HOST = "$(BUILT_PRODUCTS_DIR)/Omokake.app/$(BUNDLE_EXECUTABLE_FOLDER_PATH)/Omokake";
				XROS_DEPLOYMENT_TARGET = 26.0;
			};
			name = Debug;
		};
		9ADD3E7B2E181FF90094667F /* Release configuration for PBXNativeTarget "OmokakeTests" */ = {
			isa = XCBuildConfiguration;
			buildSettings = {
				BUNDLE_LOADER = "$(TEST_HOST)";
				CODE_SIGN_STYLE = Automatic;
				CURRENT_PROJECT_VERSION = 1;
				DEVELOPMENT_TEAM = GY636G2259;
				GENERATE_INFOPLIST_FILE = YES;
				IPHONEOS_DEPLOYMENT_TARGET = 26.0;
				MACOSX_DEPLOYMENT_TARGET = 26.0;
				MARKETING_VERSION = 1.0;
				PRODUCT_BUNDLE_IDENTIFIER = com.kokiTakashiki.OmokakeTests;
				PRODUCT_NAME = "$(TARGET_NAME)";
				SDKROOT = auto;
				STRING_CATALOG_GENERATE_SYMBOLS = NO;
				SUPPORTED_PLATFORMS = "iphoneos iphonesimulator macosx xros xrsimulator";
				SWIFT_EMIT_LOC_STRINGS = NO;
				SWIFT_UPCOMING_FEATURE_MEMBER_IMPORT_VISIBILITY = YES;
				SWIFT_VERSION = 5.0;
				TARGETED_DEVICE_FAMILY = "1,2,7";
				TEST_HOST = "$(BUILT_PRODUCTS_DIR)/Omokake.app/$(BUNDLE_EXECUTABLE_FOLDER_PATH)/Omokake";
				XROS_DEPLOYMENT_TARGET = 26.0;
			};
			name = Release;
		};
		9ADD3E7D2E181FF90094667F /* Debug configuration for PBXNativeTarget "OmokakeUITests" */ = {
			isa = XCBuildConfiguration;
			buildSettings = {
				CODE_SIGN_STYLE = Automatic;
				CURRENT_PROJECT_VERSION = 1;
				DEVELOPMENT_TEAM = GY636G2259;
				GENERATE_INFOPLIST_FILE = YES;
				IPHONEOS_DEPLOYMENT_TARGET = 26.0;
				MACOSX_DEPLOYMENT_TARGET = 26.0;
				MARKETING_VERSION = 1.0;
				PRODUCT_BUNDLE_IDENTIFIER = com.kokiTakashiki.OmokakeUITests;
				PRODUCT_NAME = "$(TARGET_NAME)";
				SDKROOT = auto;
				STRING_CATALOG_GENERATE_SYMBOLS = NO;
				SUPPORTED_PLATFORMS = "iphoneos iphonesimulator macosx xros xrsimulator";
				SWIFT_EMIT_LOC_STRINGS = NO;
				SWIFT_UPCOMING_FEATURE_MEMBER_IMPORT_VISIBILITY = YES;
				SWIFT_VERSION = 5.0;
				TARGETED_DEVICE_FAMILY = "1,2,7";
				TEST_TARGET_NAME = Omokake;
				XROS_DEPLOYMENT_TARGET = 26.0;
			};
			name = Debug;
		};
		9ADD3E7E2E181FF90094667F /* Release configuration for PBXNativeTarget "OmokakeUITests" */ = {
			isa = XCBuildConfiguration;
			buildSettings = {
				CODE_SIGN_STYLE = Automatic;
				CURRENT_PROJECT_VERSION = 1;
				DEVELOPMENT_TEAM = GY636G2259;
				GENERATE_INFOPLIST_FILE = YES;
				IPHONEOS_DEPLOYMENT_TARGET = 26.0;
				MACOSX_DEPLOYMENT_TARGET = 26.0;
				MARKETING_VERSION = 1.0;
				PRODUCT_BUNDLE_IDENTIFIER = com.kokiTakashiki.OmokakeUITests;
				PRODUCT_NAME = "$(TARGET_NAME)";
				SDKROOT = auto;
				STRING_CATALOG_GENERATE_SYMBOLS = NO;
				SUPPORTED_PLATFORMS = "iphoneos iphonesimulator macosx xros xrsimulator";
				SWIFT_EMIT_LOC_STRINGS = NO;
				SWIFT_UPCOMING_FEATURE_MEMBER_IMPORT_VISIBILITY = YES;
				SWIFT_VERSION = 5.0;
				TARGETED_DEVICE_FAMILY = "1,2,7";
				TEST_TARGET_NAME = Omokake;
				XROS_DEPLOYMENT_TARGET = 26.0;
			};
			name = Release;
		};
/* End XCBuildConfiguration section */

/* Begin XCConfigurationList section */
		9ADD3E502E181FF80094667F /* Build configuration list for PBXProject "Omokake" */ = {
			isa = XCConfigurationList;
			buildConfigurations = (
				9ADD3E742E181FF90094667F /* Debug configuration for PBXProject "Omokake" */,
				9ADD3E752E181FF90094667F /* Release configuration for PBXProject "Omokake" */,
			);
			defaultConfigurationName = Release;
		};
		9ADD3E762E181FF90094667F /* Build configuration list for PBXNativeTarget "Omokake" */ = {
			isa = XCConfigurationList;
			buildConfigurations = (
				9ADD3E772E181FF90094667F /* Debug configuration for PBXNativeTarget "Omokake" */,
				9ADD3E782E181FF90094667F /* Release configuration for PBXNativeTarget "Omokake" */,
			);
			defaultConfigurationName = Release;
		};
		9ADD3E792E181FF90094667F /* Build configuration list for PBXNativeTarget "OmokakeTests" */ = {
			isa = XCConfigurationList;
			buildConfigurations = (
				9ADD3E7A2E181FF90094667F /* Debug configuration for PBXNativeTarget "OmokakeTests" */,
				9ADD3E7B2E181FF90094667F /* Release configuration for PBXNativeTarget "OmokakeTests" */,
			);
			defaultConfigurationName = Release;
		};
		9ADD3E7C2E181FF90094667F /* Build configuration list for PBXNativeTarget "OmokakeUITests" */ = {
			isa = XCConfigurationList;
			buildConfigurations = (
				9ADD3E7D2E181FF90094667F /* Debug configuration for PBXNativeTarget "OmokakeUITests" */,
				9ADD3E7E2E181FF90094667F /* Release configuration for PBXNativeTarget "OmokakeUITests" */,
			);
			defaultConfigurationName = Release;
		};
/* End XCConfigurationList section */

/* Begin XCSwiftPackageProductDependency section */
		9A2BC1102E1B8F9D003151B8 /* OmokakeOldApp */ = {
			isa = XCSwiftPackageProductDependency;
			productName = OmokakeOldApp;
		};
		9ADD3E952E182D450094667F /* OmokakeWindowApp */ = {
			isa = XCSwiftPackageProductDependency;
			productName = OmokakeWindowApp;
		};
		9ADD3EB52E1B87310094667F /* OmokakeSpaceApp */ = {
			isa = XCSwiftPackageProductDependency;
			productName = OmokakeSpaceApp;
		};
/* End XCSwiftPackageProductDependency section */
	};
	rootObject = 9ADD3E4D2E181FF80094667F /* Project object */;
}
