{
  "originHash" : "be63e31d825f26051232b97bada37a921fbd734e4c1c145aca22e50278477879",
  "pins" : [
    {
      "identity" : "animationsequence",
      "kind" : "remoteSourceControl",
      "location" : "https://github.com/cristhianleonli/AnimationSequence.git",
      "state" : {
        "revision" : "b15460ae8241225c39f2c6c789d015d2a676dc02",
        "version" : "0.0.1"
      }
    },
    {
      "identity" : "devicekit",
      "kind" : "remoteSourceControl",
      "location" : "https://github.com/devicekit/DeviceKit.git",
      "state" : {
        "revision" : "513b9d7e7a1bd46504a1009bbab943b75ce2f195",
        "version" : "5.6.0"
      }
    }
  ],
  "version" : 3
}
